
Microsoft Visual Studio Solution File, Format Version 12.00
# Visual Studio Version 17
VisualStudioVersion = 17.8.34309.116
MinimumVisualStudioVersion = 10.0.40219.1
Project("{FAE04EC0-301F-11D3-BF4B-00C04F79EFBC}") = "WeatherService", "WeatherService.csproj", "{ECD52146-57FC-42CC-A799-EF3B5F343526}"
EndProject
Global
	GlobalSection(SolutionConfigurationPlatforms) = preSolution
		Debug|Any CPU = Debug|Any CPU
		Release|Any CPU = Release|Any CPU
	EndGlobalSection
	GlobalSection(ProjectConfigurationPlatforms) = postSolution
		{ECD52146-57FC-42CC-A799-EF3B5F343526}.Debug|Any CPU.ActiveCfg = Debug|Any CPU
		{ECD52146-57FC-42CC-A799-EF3B5F343526}.Debug|Any CPU.Build.0 = Debug|Any CPU
		{ECD52146-57FC-42CC-A799-EF3B5F343526}.Release|Any CPU.ActiveCfg = Release|Any CPU
		{ECD52146-57FC-42CC-A799-EF3B5F343526}.Release|Any CPU.Build.0 = Release|Any CPU
	EndGlobalSection
	GlobalSection(SolutionProperties) = preSolution
		HideSolutionNode = FALSE
	EndGlobalSection
	GlobalSection(ExtensibilityGlobals) = postSolution
		SolutionGuid = {494D98AE-0C46-4C25-9525-01DB6CBEC0F4}
	EndGlobalSection
EndGlobal
